
Microsoft Visual Studio Solution File, Format Version 12.00
# Visual Studio Version 17
VisualStudioVersion = 17.1.32328.378
MinimumVisualStudioVersion = 10.0.40219.1
Project("{9A19103F-16F7-4668-BE54-9A1E7A4F7556}") = "NewsletterStudio.Plugins.Mailjet", "src\NewsletterStudio.Plugins.Mailjet\NewsletterStudio.Plugins.Mailjet.csproj", "{681D834C-2F73-4E61-8A44-00031D0CDD34}"
EndProject
Project("{2150E333-8FDC-42A3-9474-1A3956D46DE8}") = "Solution", "Solution", "{BFC312A1-86E8-44C3-BEA8-FB3EC1A20A11}"
	ProjectSection(SolutionItems) = preProject
		readme.md = readme.md
	EndProjectSection
EndProject
Project("{FAE04EC0-301F-11D3-BF4B-00C04F79EFBC}") = "UmbracoTestSite", "samples\UmbracoTestSite\UmbracoTestSite.csproj", "{F97B9214-5CD2-4034-AB68-692D73AD040E}"
EndProject
Global
	GlobalSection(SolutionConfigurationPlatforms) = preSolution
		Debug|Any CPU = Debug|Any CPU
		Release|Any CPU = Release|Any CPU
	EndGlobalSection
	GlobalSection(ProjectConfigurationPlatforms) = postSolution
		{681D834C-2F73-4E61-8A44-00031D0CDD34}.Debug|Any CPU.ActiveCfg = Debug|Any CPU
		{681D834C-2F73-4E61-8A44-00031D0CDD34}.Debug|Any CPU.Build.0 = Debug|Any CPU
		{681D834C-2F73-4E61-8A44-00031D0CDD34}.Release|Any CPU.ActiveCfg = Release|Any CPU
		{681D834C-2F73-4E61-8A44-00031D0CDD34}.Release|Any CPU.Build.0 = Release|Any CPU
		{F97B9214-5CD2-4034-AB68-692D73AD040E}.Debug|Any CPU.ActiveCfg = Debug|Any CPU
		{F97B9214-5CD2-4034-AB68-692D73AD040E}.Debug|Any CPU.Build.0 = Debug|Any CPU
		{F97B9214-5CD2-4034-AB68-692D73AD040E}.Release|Any CPU.ActiveCfg = Release|Any CPU
		{F97B9214-5CD2-4034-AB68-692D73AD040E}.Release|Any CPU.Build.0 = Release|Any CPU
	EndGlobalSection
	GlobalSection(SolutionProperties) = preSolution
		HideSolutionNode = FALSE
	EndGlobalSection
	GlobalSection(ExtensibilityGlobals) = postSolution
		SolutionGuid = {7B162355-B2B0-47C7-A9F5-19D8BAA64B1D}
	EndGlobalSection
EndGlobal
